<?xml version="1.0" encoding="Windows-1252"?>
<Project ToolsVersion="12.0" xmlns="http://schemas.microsoft.com/developer/msbuild/2003">
  <ItemGroup>
    <CustomBuild Include="C:\Users\gbrill\Source\Repos\chilitags\MSVC\CMakeFiles\6e1abc8d2b8cf141e11a62759ecdb59a\generate.stamp.rule">
      <Filter>CMake Rules</Filter>
    </CustomBuild>
  </ItemGroup>
  <ItemGroup>
    <Filter Include="CMake Rules">
      <UniqueIdentifier>{FF145C32-8B4C-4B37-915A-44461C5C56C8}</UniqueIdentifier>
    </Filter>
  </ItemGroup>
</Project>
